
Microsoft Visual Studio Solution File, Format Version 12.00
Project("{2150E333-8FDC-42A3-9474-1A3956D46DE8}") = "Solution", "Solution", "{FD37789C-D65D-494C-AFA2-925481673054}"
	ProjectSection(SolutionItems) = preProject
		.github\workflows\dotnet.yml = .github\workflows\dotnet.yml
		.gitignore = .gitignore
		.github\ISSUE_TEMPLATE\10_bug_report.yml = .github\ISSUE_TEMPLATE\10_bug_report.yml
		.github\ISSUE_TEMPLATE\20_feature-request.yml = .github\ISSUE_TEMPLATE\20_feature-request.yml
		.github\ISSUE_TEMPLATE\30_api-proposal.md = .github\ISSUE_TEMPLATE\30_api-proposal.md
		.github\ISSUE_TEMPLATE\config.yml = .github\ISSUE_TEMPLATE\config.yml
		.github\policies\labelManagement.issueOpened.yml = .github\policies\labelManagement.issueOpened.yml
		.github\policies\labelManagement.issueUpdated.yml = .github\policies\labelManagement.issueUpdated.yml
		.github\policies\labelManagement.prOpened.yml = .github\policies\labelManagement.prOpened.yml
		.github\policies\labelManagement.prUpdated.yml = .github\policies\labelManagement.prUpdated.yml
		.github\policies\scheduledSearch.closeStaleIssuesAndPrs.yml = .github\policies\scheduledSearch.closeStaleIssuesAndPrs.yml
		.github\policies\scheduledSearch.markNoRecentActivity.yml = .github\policies\scheduledSearch.markNoRecentActivity.yml
		.editorConfig = .editorConfig
		.github\workflows\greetings.yml = .github\workflows\greetings.yml
		.github\workflows\label.yml = .github\workflows\label.yml
		.github\workflows\stale.yml = .github\workflows\stale.yml
		CODE_OF_CONDUCT.md = CODE_OF_CONDUCT.md
		CONTRIBUTORS.md = CONTRIBUTORS.md
		icon.ico = icon.ico
		icon.jpg = icon.jpg
		IssueManagementPolicies.md = IssueManagementPolicies.md
		LICENSE.txt = LICENSE.txt
		SECURITY.md = SECURITY.md
		README.md = README.md
	EndProjectSection
EndProject
Project("{FAE04EC0-301F-11D3-BF4B-00C04F79EFBC}") = "CacheManager", "CacheManager\CacheManager.csproj", "{AFF46B10-D86C-4232-A335-91BE8D65392B}"
EndProject
Project("{FAE04EC0-301F-11D3-BF4B-00C04F79EFBC}") = "CacheManagerUnitTest", "CacheManagerUnitTest\CacheManagerUnitTest.csproj", "{11A397C0-ECD3-4734-B5F5-E80037190D6D}"
EndProject
Project("{FAE04EC0-301F-11D3-BF4B-00C04F79EFBC}") = "CacheManagerIntegrationTest", "CacheManagerIntegrationTest\CacheManagerIntegrationTest.csproj", "{5785ED27-927D-4C46-A6E9-AF8C3123295A}"
EndProject
Project("{FAE04EC0-301F-11D3-BF4B-00C04F79EFBC}") = "CacheManagerLoadTest", "CacheManagerLoadTest\CacheManagerLoadTest.csproj", "{7F4F5CDE-95DE-40B0-8A7E-3264A93E207F}"
EndProject
Project("{FAE04EC0-301F-11D3-BF4B-00C04F79EFBC}") = "CacheManager.Redis", "CacheManager.Redis\CacheManager.Redis.csproj", "{F7C9B3D6-71B1-410E-B219-751270F9A1CB}"
EndProject
Project("{FAE04EC0-301F-11D3-BF4B-00C04F79EFBC}") = "CacheManager.SqlServer", "CacheManager.SqlServer\CacheManager.SqlServer.csproj", "{AE17DE23-0E95-445A-A361-8283479C1218}"
EndProject
Project("{2150E333-8FDC-42A3-9474-1A3956D46DE8}") = "Tests", "Tests", "{7735FEB7-0AE9-4365-91C1-FC7325517028}"
EndProject
Project("{FAE04EC0-301F-11D3-BF4B-00C04F79EFBC}") = "CacheManagerApi", "CacheManagerApi\CacheManagerApi.csproj", "{02DC18A6-A790-4B2C-922F-AE8A78ACC81A}"
EndProject
Project("{FAE04EC0-301F-11D3-BF4B-00C04F79EFBC}") = "CacheManagerClear", "CacheManagerClear\CacheManagerClear.csproj", "{17E43F96-8C78-4F5F-9956-135D1E05EDA9}"
EndProject
Project("{FAE04EC0-301F-11D3-BF4B-00C04F79EFBC}") = "CacheManagerClear.Redis", "CacheManagerClear.Redis\CacheManagerClear.Redis.csproj", "{5DF6A6A6-D510-4D59-80B6-AA2A9779C59B}"
EndProject
Project("{FAE04EC0-301F-11D3-BF4B-00C04F79EFBC}") = "CacheManagerClear.Kafka", "CacheManagerClear.Kafka\CacheManagerClear.Kafka.csproj", "{4EA34C8E-7AFE-4BF7-9DFB-CBC3028D1ED3}"
EndProject
Project("{FAE04EC0-301F-11D3-BF4B-00C04F79EFBC}") = "CacheManagerClear.Rabbit", "CacheManagerClear.Rabbit\CacheManagerClear.Rabbit.csproj", "{31FCA199-7933-48CA-8037-187F7EE58D8D}"
EndProject
Global
	GlobalSection(SolutionConfigurationPlatforms) = preSolution
		Debug|Any CPU = Debug|Any CPU
		Release|Any CPU = Release|Any CPU
	EndGlobalSection
	GlobalSection(ProjectConfigurationPlatforms) = postSolution
		{AFF46B10-D86C-4232-A335-91BE8D65392B}.Debug|Any CPU.ActiveCfg = Debug|Any CPU
		{AFF46B10-D86C-4232-A335-91BE8D65392B}.Debug|Any CPU.Build.0 = Debug|Any CPU
		{AFF46B10-D86C-4232-A335-91BE8D65392B}.Release|Any CPU.ActiveCfg = Release|Any CPU
		{AFF46B10-D86C-4232-A335-91BE8D65392B}.Release|Any CPU.Build.0 = Release|Any CPU
		{11A397C0-ECD3-4734-B5F5-E80037190D6D}.Debug|Any CPU.ActiveCfg = Debug|Any CPU
		{11A397C0-ECD3-4734-B5F5-E80037190D6D}.Debug|Any CPU.Build.0 = Debug|Any CPU
		{11A397C0-ECD3-4734-B5F5-E80037190D6D}.Release|Any CPU.ActiveCfg = Release|Any CPU
		{11A397C0-ECD3-4734-B5F5-E80037190D6D}.Release|Any CPU.Build.0 = Release|Any CPU
		{5785ED27-927D-4C46-A6E9-AF8C3123295A}.Debug|Any CPU.ActiveCfg = Debug|Any CPU
		{5785ED27-927D-4C46-A6E9-AF8C3123295A}.Debug|Any CPU.Build.0 = Debug|Any CPU
		{5785ED27-927D-4C46-A6E9-AF8C3123295A}.Release|Any CPU.ActiveCfg = Release|Any CPU
		{5785ED27-927D-4C46-A6E9-AF8C3123295A}.Release|Any CPU.Build.0 = Release|Any CPU
		{7F4F5CDE-95DE-40B0-8A7E-3264A93E207F}.Debug|Any CPU.ActiveCfg = Debug|Any CPU
		{7F4F5CDE-95DE-40B0-8A7E-3264A93E207F}.Debug|Any CPU.Build.0 = Debug|Any CPU
		{7F4F5CDE-95DE-40B0-8A7E-3264A93E207F}.Release|Any CPU.ActiveCfg = Release|Any CPU
		{7F4F5CDE-95DE-40B0-8A7E-3264A93E207F}.Release|Any CPU.Build.0 = Release|Any CPU
		{F7C9B3D6-71B1-410E-B219-751270F9A1CB}.Debug|Any CPU.ActiveCfg = Debug|Any CPU
		{F7C9B3D6-71B1-410E-B219-751270F9A1CB}.Debug|Any CPU.Build.0 = Debug|Any CPU
		{F7C9B3D6-71B1-410E-B219-751270F9A1CB}.Release|Any CPU.ActiveCfg = Release|Any CPU
		{F7C9B3D6-71B1-410E-B219-751270F9A1CB}.Release|Any CPU.Build.0 = Release|Any CPU
		{AE17DE23-0E95-445A-A361-8283479C1218}.Debug|Any CPU.ActiveCfg = Debug|Any CPU
		{AE17DE23-0E95-445A-A361-8283479C1218}.Debug|Any CPU.Build.0 = Debug|Any CPU
		{AE17DE23-0E95-445A-A361-8283479C1218}.Release|Any CPU.ActiveCfg = Release|Any CPU
		{AE17DE23-0E95-445A-A361-8283479C1218}.Release|Any CPU.Build.0 = Release|Any CPU
		{02DC18A6-A790-4B2C-922F-AE8A78ACC81A}.Debug|Any CPU.ActiveCfg = Debug|Any CPU
		{02DC18A6-A790-4B2C-922F-AE8A78ACC81A}.Debug|Any CPU.Build.0 = Debug|Any CPU
		{02DC18A6-A790-4B2C-922F-AE8A78ACC81A}.Release|Any CPU.ActiveCfg = Release|Any CPU
		{02DC18A6-A790-4B2C-922F-AE8A78ACC81A}.Release|Any CPU.Build.0 = Release|Any CPU
		{17E43F96-8C78-4F5F-9956-135D1E05EDA9}.Debug|Any CPU.ActiveCfg = Debug|Any CPU
		{17E43F96-8C78-4F5F-9956-135D1E05EDA9}.Debug|Any CPU.Build.0 = Debug|Any CPU
		{17E43F96-8C78-4F5F-9956-135D1E05EDA9}.Release|Any CPU.ActiveCfg = Release|Any CPU
		{17E43F96-8C78-4F5F-9956-135D1E05EDA9}.Release|Any CPU.Build.0 = Release|Any CPU
		{5DF6A6A6-D510-4D59-80B6-AA2A9779C59B}.Debug|Any CPU.ActiveCfg = Debug|Any CPU
		{5DF6A6A6-D510-4D59-80B6-AA2A9779C59B}.Debug|Any CPU.Build.0 = Debug|Any CPU
		{5DF6A6A6-D510-4D59-80B6-AA2A9779C59B}.Release|Any CPU.ActiveCfg = Release|Any CPU
		{5DF6A6A6-D510-4D59-80B6-AA2A9779C59B}.Release|Any CPU.Build.0 = Release|Any CPU
		{4EA34C8E-7AFE-4BF7-9DFB-CBC3028D1ED3}.Debug|Any CPU.ActiveCfg = Debug|Any CPU
		{4EA34C8E-7AFE-4BF7-9DFB-CBC3028D1ED3}.Debug|Any CPU.Build.0 = Debug|Any CPU
		{4EA34C8E-7AFE-4BF7-9DFB-CBC3028D1ED3}.Release|Any CPU.ActiveCfg = Release|Any CPU
		{4EA34C8E-7AFE-4BF7-9DFB-CBC3028D1ED3}.Release|Any CPU.Build.0 = Release|Any CPU
		{31FCA199-7933-48CA-8037-187F7EE58D8D}.Debug|Any CPU.ActiveCfg = Debug|Any CPU
		{31FCA199-7933-48CA-8037-187F7EE58D8D}.Debug|Any CPU.Build.0 = Debug|Any CPU
		{31FCA199-7933-48CA-8037-187F7EE58D8D}.Release|Any CPU.ActiveCfg = Release|Any CPU
		{31FCA199-7933-48CA-8037-187F7EE58D8D}.Release|Any CPU.Build.0 = Release|Any CPU
	EndGlobalSection
	GlobalSection(NestedProjects) = preSolution
		{5785ED27-927D-4C46-A6E9-AF8C3123295A} = {7735FEB7-0AE9-4365-91C1-FC7325517028}
		{7F4F5CDE-95DE-40B0-8A7E-3264A93E207F} = {7735FEB7-0AE9-4365-91C1-FC7325517028}
		{11A397C0-ECD3-4734-B5F5-E80037190D6D} = {7735FEB7-0AE9-4365-91C1-FC7325517028}
	EndGlobalSection
EndGlobal
